
Microsoft Visual Studio Solution File, Format Version 12.00
# Visual Studio 15
VisualStudioVersion = 15.0.28010.2048
MinimumVisualStudioVersion = 10.0.40219.1
Project("{FAE04EC0-301F-11D3-BF4B-00C04F79EFBC}") = "rtaplamaciBlog", "rtaplamaciBlog\rtaplamaciBlog.csproj", "{567E734A-E364-4ED0-B754-C5C4EC9718D7}"
EndProject
Global
	GlobalSection(SolutionConfigurationPlatforms) = preSolution
		Debug|Any CPU = Debug|Any CPU
		Release|Any CPU = Release|Any CPU
	EndGlobalSection
	GlobalSection(ProjectConfigurationPlatforms) = postSolution
		{567E734A-E364-4ED0-B754-C5C4EC9718D7}.Debug|Any CPU.ActiveCfg = Debug|Any CPU
		{567E734A-E364-4ED0-B754-C5C4EC9718D7}.Debug|Any CPU.Build.0 = Debug|Any CPU
		{567E734A-E364-4ED0-B754-C5C4EC9718D7}.Release|Any CPU.ActiveCfg = Release|Any CPU
		{567E734A-E364-4ED0-B754-C5C4EC9718D7}.Release|Any CPU.Build.0 = Release|Any CPU
	EndGlobalSection
	GlobalSection(SolutionProperties) = preSolution
		HideSolutionNode = FALSE
	EndGlobalSection
	GlobalSection(ExtensibilityGlobals) = postSolution
		SolutionGuid = {42A2D98E-71B9-4737-8918-C257AF1053B7}
	EndGlobalSection
EndGlobal
